
Microsoft Visual Studio Solution File, Format Version 12.00
# Visual Studio 15
VisualStudioVersion = 15.0.26430.13
MinimumVisualStudioVersion = 10.0.40219.1
Project("{FAE04EC0-301F-11D3-BF4B-00C04F79EFBC}") = "H4K.Api", "H4K.Api\H4K.Api.csproj", "{EFE76E3B-3ED3-4D5D-8F35-187579616576}"
EndProject
Project("{FAE04EC0-301F-11D3-BF4B-00C04F79EFBC}") = "H4K.Core", "H4K.Core\H4K.Core.csproj", "{866A87AD-9C60-4FFC-990D-41411872BDB2}"
EndProject
Project("{FAE04EC0-301F-11D3-BF4B-00C04F79EFBC}") = "H4K.Data", "H4K.Data\H4K.Data.csproj", "{B7DCED09-ABA1-4319-A152-751A9D815CD6}"
EndProject
Global
	GlobalSection(SolutionConfigurationPlatforms) = preSolution
		Debug|Any CPU = Debug|Any CPU
		Release|Any CPU = Release|Any CPU
	EndGlobalSection
	GlobalSection(ProjectConfigurationPlatforms) = postSolution
		{EFE76E3B-3ED3-4D5D-8F35-187579616576}.Debug|Any CPU.ActiveCfg = Debug|Any CPU
		{EFE76E3B-3ED3-4D5D-8F35-187579616576}.Debug|Any CPU.Build.0 = Debug|Any CPU
		{EFE76E3B-3ED3-4D5D-8F35-187579616576}.Release|Any CPU.ActiveCfg = Release|Any CPU
		{EFE76E3B-3ED3-4D5D-8F35-187579616576}.Release|Any CPU.Build.0 = Release|Any CPU
		{866A87AD-9C60-4FFC-990D-41411872BDB2}.Debug|Any CPU.ActiveCfg = Debug|Any CPU
		{866A87AD-9C60-4FFC-990D-41411872BDB2}.Debug|Any CPU.Build.0 = Debug|Any CPU
		{866A87AD-9C60-4FFC-990D-41411872BDB2}.Release|Any CPU.ActiveCfg = Release|Any CPU
		{866A87AD-9C60-4FFC-990D-41411872BDB2}.Release|Any CPU.Build.0 = Release|Any CPU
		{B7DCED09-ABA1-4319-A152-751A9D815CD6}.Debug|Any CPU.ActiveCfg = Debug|Any CPU
		{B7DCED09-ABA1-4319-A152-751A9D815CD6}.Debug|Any CPU.Build.0 = Debug|Any CPU
		{B7DCED09-ABA1-4319-A152-751A9D815CD6}.Release|Any CPU.ActiveCfg = Release|Any CPU
		{B7DCED09-ABA1-4319-A152-751A9D815CD6}.Release|Any CPU.Build.0 = Release|Any CPU
	EndGlobalSection
	GlobalSection(SolutionProperties) = preSolution
		HideSolutionNode = FALSE
	EndGlobalSection
EndGlobal
